
Microsoft Visual Studio Solution File, Format Version 12.00
# Visual Studio Version 17
VisualStudioVersion = 17.7.34221.43
MinimumVisualStudioVersion = 10.0.40219.1
Project("{FAE04EC0-301F-11D3-BF4B-00C04F79EFBC}") = "WebApp", "WebApp\WebApp.csproj", "{8124FF0D-BCD6-4970-AF9B-665ED4C139FA}"
EndProject
Global
	GlobalSection(SolutionConfigurationPlatforms) = preSolution
		Debug|Any CPU = Debug|Any CPU
		Release|Any CPU = Release|Any CPU
	EndGlobalSection
	GlobalSection(ProjectConfigurationPlatforms) = postSolution
		{8124FF0D-BCD6-4970-AF9B-665ED4C139FA}.Debug|Any CPU.ActiveCfg = Debug|Any CPU
		{8124FF0D-BCD6-4970-AF9B-665ED4C139FA}.Debug|Any CPU.Build.0 = Debug|Any CPU
		{8124FF0D-BCD6-4970-AF9B-665ED4C139FA}.Release|Any CPU.ActiveCfg = Release|Any CPU
		{8124FF0D-BCD6-4970-AF9B-665ED4C139FA}.Release|Any CPU.Build.0 = Release|Any CPU
	EndGlobalSection
	GlobalSection(SolutionProperties) = preSolution
		HideSolutionNode = FALSE
	EndGlobalSection
	GlobalSection(ExtensibilityGlobals) = postSolution
		SolutionGuid = {C3B8527F-A4F7-42C5-AA12-2CC8F4CE264F}
	EndGlobalSection
EndGlobal
