
Microsoft Visual Studio Solution File, Format Version 12.00
# Visual Studio Version 17
VisualStudioVersion = 17.7.34024.191
MinimumVisualStudioVersion = 10.0.40219.1
Project("{9A19103F-16F7-4668-BE54-9A1E7A4F7556}") = "Models", "..\..\Models\Models\Models.csproj", "{3DA2378C-FF59-42D8-B640-2F342F63463D}"
EndProject
Project("{9A19103F-16F7-4668-BE54-9A1E7A4F7556}") = "WebAppWithAuthentication", "WebAppWithAuthentication\WebAppWithAuthentication.csproj", "{2D4ACCEB-849D-489F-9B19-4BEF5A82FDCE}"
EndProject
Global
	GlobalSection(SolutionConfigurationPlatforms) = preSolution
		Debug|Any CPU = Debug|Any CPU
		Release|Any CPU = Release|Any CPU
	EndGlobalSection
	GlobalSection(ProjectConfigurationPlatforms) = postSolution
		{3DA2378C-FF59-42D8-B640-2F342F63463D}.Debug|Any CPU.ActiveCfg = Debug|Any CPU
		{3DA2378C-FF59-42D8-B640-2F342F63463D}.Debug|Any CPU.Build.0 = Debug|Any CPU
		{3DA2378C-FF59-42D8-B640-2F342F63463D}.Release|Any CPU.ActiveCfg = Release|Any CPU
		{3DA2378C-FF59-42D8-B640-2F342F63463D}.Release|Any CPU.Build.0 = Release|Any CPU
		{2D4ACCEB-849D-489F-9B19-4BEF5A82FDCE}.Debug|Any CPU.ActiveCfg = Debug|Any CPU
		{2D4ACCEB-849D-489F-9B19-4BEF5A82FDCE}.Debug|Any CPU.Build.0 = Debug|Any CPU
		{2D4ACCEB-849D-489F-9B19-4BEF5A82FDCE}.Release|Any CPU.ActiveCfg = Release|Any CPU
		{2D4ACCEB-849D-489F-9B19-4BEF5A82FDCE}.Release|Any CPU.Build.0 = Release|Any CPU
	EndGlobalSection
	GlobalSection(SolutionProperties) = preSolution
		HideSolutionNode = FALSE
	EndGlobalSection
	GlobalSection(ExtensibilityGlobals) = postSolution
		SolutionGuid = {46428B38-0856-4065-8397-04E01EFC3283}
	EndGlobalSection
EndGlobal
